
Microsoft Visual Studio Solution File, Format Version 12.00
# Visual Studio Version 16
VisualStudioVersion = 16.0.31019.35
MinimumVisualStudioVersion = 10.0.40219.1
Project("{FAE04EC0-301F-11D3-BF4B-00C04F79EFBC}") = "Hashtable", "Hashtable\Hashtable.csproj", "{E3E7560F-FEC9-451E-82E0-B596334B618A}"
EndProject
Global
	GlobalSection(SolutionConfigurationPlatforms) = preSolution
		Debug|Any CPU = Debug|Any CPU
		Release|Any CPU = Release|Any CPU
	EndGlobalSection
	GlobalSection(ProjectConfigurationPlatforms) = postSolution
		{E3E7560F-FEC9-451E-82E0-B596334B618A}.Debug|Any CPU.ActiveCfg = Debug|Any CPU
		{E3E7560F-FEC9-451E-82E0-B596334B618A}.Debug|Any CPU.Build.0 = Debug|Any CPU
		{E3E7560F-FEC9-451E-82E0-B596334B618A}.Release|Any CPU.ActiveCfg = Release|Any CPU
		{E3E7560F-FEC9-451E-82E0-B596334B618A}.Release|Any CPU.Build.0 = Release|Any CPU
	EndGlobalSection
	GlobalSection(SolutionProperties) = preSolution
		HideSolutionNode = FALSE
	EndGlobalSection
	GlobalSection(ExtensibilityGlobals) = postSolution
		SolutionGuid = {D0160580-2147-42C5-B1E7-0AECDAD6BED2}
	EndGlobalSection
EndGlobal
